
Microsoft Visual Studio Solution File, Format Version 12.00
# Visual Studio Version 17
VisualStudioVersion = 17.5.33502.453
MinimumVisualStudioVersion = 10.0.40219.1
Project("{2150E333-8FDC-42A3-9474-1A3956D46DE8}") = "MessageBrokerLb", "MessageBrokerLb", "{38BA5846-BAD9-4371-82EC-EC63369C9C2D}"
EndProject
Project("{2150E333-8FDC-42A3-9474-1A3956D46DE8}") = "Domain", "Domain", "{BBE1BCB3-9BD7-4067-AA72-932F89F6D2D2}"
EndProject
Project("{2150E333-8FDC-42A3-9474-1A3956D46DE8}") = "Infrastructure", "Infrastructure", "{5E25498B-47CA-4AF8-AFB0-159309F6265C}"
EndProject
Project("{9A19103F-16F7-4668-BE54-9A1E7A4F7556}") = "MessageBrokerInfrastructure", "MessageBrokerInfrastructure\MessageBrokerInfrastructure.csproj", "{A4FFC8BC-D755-452D-ACD3-7EBC56D2FA66}"
EndProject
Project("{2150E333-8FDC-42A3-9474-1A3956D46DE8}") = "Client", "Client", "{5654D567-B246-4237-BB74-DF974D1E457D}"
EndProject
Project("{9A19103F-16F7-4668-BE54-9A1E7A4F7556}") = "CalculationsApi", "Api\CalculationsApi.csproj", "{2FF3DECF-9B7F-4152-891A-93606C2EC3C8}"
EndProject
Project("{2150E333-8FDC-42A3-9474-1A3956D46DE8}") = "Domain", "Domain", "{ED3109BA-2432-4643-9DCC-92968B50CD49}"
EndProject
Project("{9A19103F-16F7-4668-BE54-9A1E7A4F7556}") = "Domain", "Domain\Domain.csproj", "{FD525A1E-10E3-4EF2-A949-B914C67C50CA}"
EndProject
Project("{2150E333-8FDC-42A3-9474-1A3956D46DE8}") = "Application", "Application", "{8B242B85-C9B6-4DCA-98EF-65B4BB83F58F}"
EndProject
Project("{9A19103F-16F7-4668-BE54-9A1E7A4F7556}") = "Application", "Application\Application.csproj", "{A354A16C-907A-447B-B34D-88EE66FF586E}"
EndProject
Project("{2150E333-8FDC-42A3-9474-1A3956D46DE8}") = "Server", "Server", "{4A5AA8A8-4F7A-4235-A7C6-BC062D868D19}"
EndProject
Project("{2150E333-8FDC-42A3-9474-1A3956D46DE8}") = "Domain", "Domain", "{55FF97B6-0280-4667-AC64-DF463795B3F5}"
EndProject
Project("{2150E333-8FDC-42A3-9474-1A3956D46DE8}") = "Application", "Application", "{4E0D7D65-1DA2-4E29-B25C-656E7CD26510}"
EndProject
Project("{9A19103F-16F7-4668-BE54-9A1E7A4F7556}") = "ServerAPI", "ServerAPI\ServerAPI.csproj", "{798FDA73-925E-4A05-A360-A4B4CCAEE9CF}"
EndProject
Project("{9A19103F-16F7-4668-BE54-9A1E7A4F7556}") = "ServerDomain", "ServerDomain\ServerDomain.csproj", "{C2B52135-8361-4803-BD38-A47EFBE78470}"
EndProject
Project("{9A19103F-16F7-4668-BE54-9A1E7A4F7556}") = "ServerAplication", "ServerAplication\ServerAplication.csproj", "{85B45A7E-9CD1-405E-A650-F64A8121E106}"
EndProject
Project("{9A19103F-16F7-4668-BE54-9A1E7A4F7556}") = "MessageBrokerDomain", "MessageBrokerDomain\MessageBrokerDomain.csproj", "{BD5B2365-B2AB-496E-9750-098264682A2D}"
EndProject
Project("{2150E333-8FDC-42A3-9474-1A3956D46DE8}") = "CalculationLB", "CalculationLB", "{39F608B7-FEF0-4855-AB68-B83A4E72D1AA}"
EndProject
Project("{FAE04EC0-301F-11D3-BF4B-00C04F79EFBC}") = "CalculationLb", "CalculationLb\CalculationLb.csproj", "{BC2F4AD7-CBF7-48E5-A661-74F2B99CB093}"
EndProject
Global
	GlobalSection(SolutionConfigurationPlatforms) = preSolution
		Debug|Any CPU = Debug|Any CPU
		Release|Any CPU = Release|Any CPU
	EndGlobalSection
	GlobalSection(ProjectConfigurationPlatforms) = postSolution
		{A4FFC8BC-D755-452D-ACD3-7EBC56D2FA66}.Debug|Any CPU.ActiveCfg = Debug|Any CPU
		{A4FFC8BC-D755-452D-ACD3-7EBC56D2FA66}.Debug|Any CPU.Build.0 = Debug|Any CPU
		{A4FFC8BC-D755-452D-ACD3-7EBC56D2FA66}.Release|Any CPU.ActiveCfg = Release|Any CPU
		{A4FFC8BC-D755-452D-ACD3-7EBC56D2FA66}.Release|Any CPU.Build.0 = Release|Any CPU
		{2FF3DECF-9B7F-4152-891A-93606C2EC3C8}.Debug|Any CPU.ActiveCfg = Debug|Any CPU
		{2FF3DECF-9B7F-4152-891A-93606C2EC3C8}.Debug|Any CPU.Build.0 = Debug|Any CPU
		{2FF3DECF-9B7F-4152-891A-93606C2EC3C8}.Release|Any CPU.ActiveCfg = Release|Any CPU
		{2FF3DECF-9B7F-4152-891A-93606C2EC3C8}.Release|Any CPU.Build.0 = Release|Any CPU
		{FD525A1E-10E3-4EF2-A949-B914C67C50CA}.Debug|Any CPU.ActiveCfg = Debug|Any CPU
		{FD525A1E-10E3-4EF2-A949-B914C67C50CA}.Debug|Any CPU.Build.0 = Debug|Any CPU
		{FD525A1E-10E3-4EF2-A949-B914C67C50CA}.Release|Any CPU.ActiveCfg = Release|Any CPU
		{FD525A1E-10E3-4EF2-A949-B914C67C50CA}.Release|Any CPU.Build.0 = Release|Any CPU
		{A354A16C-907A-447B-B34D-88EE66FF586E}.Debug|Any CPU.ActiveCfg = Debug|Any CPU
		{A354A16C-907A-447B-B34D-88EE66FF586E}.Debug|Any CPU.Build.0 = Debug|Any CPU
		{A354A16C-907A-447B-B34D-88EE66FF586E}.Release|Any CPU.ActiveCfg = Release|Any CPU
		{A354A16C-907A-447B-B34D-88EE66FF586E}.Release|Any CPU.Build.0 = Release|Any CPU
		{798FDA73-925E-4A05-A360-A4B4CCAEE9CF}.Debug|Any CPU.ActiveCfg = Debug|Any CPU
		{798FDA73-925E-4A05-A360-A4B4CCAEE9CF}.Debug|Any CPU.Build.0 = Debug|Any CPU
		{798FDA73-925E-4A05-A360-A4B4CCAEE9CF}.Release|Any CPU.ActiveCfg = Release|Any CPU
		{798FDA73-925E-4A05-A360-A4B4CCAEE9CF}.Release|Any CPU.Build.0 = Release|Any CPU
		{C2B52135-8361-4803-BD38-A47EFBE78470}.Debug|Any CPU.ActiveCfg = Debug|Any CPU
		{C2B52135-8361-4803-BD38-A47EFBE78470}.Debug|Any CPU.Build.0 = Debug|Any CPU
		{C2B52135-8361-4803-BD38-A47EFBE78470}.Release|Any CPU.ActiveCfg = Release|Any CPU
		{C2B52135-8361-4803-BD38-A47EFBE78470}.Release|Any CPU.Build.0 = Release|Any CPU
		{85B45A7E-9CD1-405E-A650-F64A8121E106}.Debug|Any CPU.ActiveCfg = Debug|Any CPU
		{85B45A7E-9CD1-405E-A650-F64A8121E106}.Debug|Any CPU.Build.0 = Debug|Any CPU
		{85B45A7E-9CD1-405E-A650-F64A8121E106}.Release|Any CPU.ActiveCfg = Release|Any CPU
		{85B45A7E-9CD1-405E-A650-F64A8121E106}.Release|Any CPU.Build.0 = Release|Any CPU
		{BD5B2365-B2AB-496E-9750-098264682A2D}.Debug|Any CPU.ActiveCfg = Debug|Any CPU
		{BD5B2365-B2AB-496E-9750-098264682A2D}.Debug|Any CPU.Build.0 = Debug|Any CPU
		{BD5B2365-B2AB-496E-9750-098264682A2D}.Release|Any CPU.ActiveCfg = Release|Any CPU
		{BD5B2365-B2AB-496E-9750-098264682A2D}.Release|Any CPU.Build.0 = Release|Any CPU
		{BC2F4AD7-CBF7-48E5-A661-74F2B99CB093}.Debug|Any CPU.ActiveCfg = Debug|Any CPU
		{BC2F4AD7-CBF7-48E5-A661-74F2B99CB093}.Debug|Any CPU.Build.0 = Debug|Any CPU
		{BC2F4AD7-CBF7-48E5-A661-74F2B99CB093}.Release|Any CPU.ActiveCfg = Release|Any CPU
		{BC2F4AD7-CBF7-48E5-A661-74F2B99CB093}.Release|Any CPU.Build.0 = Release|Any CPU
	EndGlobalSection
	GlobalSection(SolutionProperties) = preSolution
		HideSolutionNode = FALSE
	EndGlobalSection
	GlobalSection(NestedProjects) = preSolution
		{BBE1BCB3-9BD7-4067-AA72-932F89F6D2D2} = {38BA5846-BAD9-4371-82EC-EC63369C9C2D}
		{5E25498B-47CA-4AF8-AFB0-159309F6265C} = {38BA5846-BAD9-4371-82EC-EC63369C9C2D}
		{A4FFC8BC-D755-452D-ACD3-7EBC56D2FA66} = {5E25498B-47CA-4AF8-AFB0-159309F6265C}
		{2FF3DECF-9B7F-4152-891A-93606C2EC3C8} = {5654D567-B246-4237-BB74-DF974D1E457D}
		{ED3109BA-2432-4643-9DCC-92968B50CD49} = {5654D567-B246-4237-BB74-DF974D1E457D}
		{FD525A1E-10E3-4EF2-A949-B914C67C50CA} = {ED3109BA-2432-4643-9DCC-92968B50CD49}
		{8B242B85-C9B6-4DCA-98EF-65B4BB83F58F} = {5654D567-B246-4237-BB74-DF974D1E457D}
		{A354A16C-907A-447B-B34D-88EE66FF586E} = {8B242B85-C9B6-4DCA-98EF-65B4BB83F58F}
		{55FF97B6-0280-4667-AC64-DF463795B3F5} = {4A5AA8A8-4F7A-4235-A7C6-BC062D868D19}
		{4E0D7D65-1DA2-4E29-B25C-656E7CD26510} = {4A5AA8A8-4F7A-4235-A7C6-BC062D868D19}
		{798FDA73-925E-4A05-A360-A4B4CCAEE9CF} = {4A5AA8A8-4F7A-4235-A7C6-BC062D868D19}
		{C2B52135-8361-4803-BD38-A47EFBE78470} = {55FF97B6-0280-4667-AC64-DF463795B3F5}
		{85B45A7E-9CD1-405E-A650-F64A8121E106} = {4E0D7D65-1DA2-4E29-B25C-656E7CD26510}
		{BD5B2365-B2AB-496E-9750-098264682A2D} = {BBE1BCB3-9BD7-4067-AA72-932F89F6D2D2}
		{BC2F4AD7-CBF7-48E5-A661-74F2B99CB093} = {39F608B7-FEF0-4855-AB68-B83A4E72D1AA}
	EndGlobalSection
	GlobalSection(ExtensibilityGlobals) = postSolution
		SolutionGuid = {79DAB178-5E44-46EE-8BCB-C1A029566729}
	EndGlobalSection
EndGlobal
